
Microsoft Visual Studio Solution File, Format Version 12.00
# Visual Studio Version 17
VisualStudioVersion = 17.13.35931.197
MinimumVisualStudioVersion = 10.0.40219.1
Project("{9A19103F-16F7-4668-BE54-9A1E7A4F7556}") = "DataAccessLayer", "DataAccessLayer\DataAccessLayer.csproj", "{C6EA7504-9F95-422F-BE39-EB49E2176393}"
EndProject
Project("{FAE04EC0-301F-11D3-BF4B-00C04F79EFBC}") = "WebAppApi48Core", "WebAppApi48Core\WebAppApi48Core.csproj", "{2265A876-05E6-9527-8C30-524FD66D2439}"
EndProject
Project("{FAE04EC0-301F-11D3-BF4B-00C04F79EFBC}") = "DataAccessLayerCore", "DataAccessLayerCore\DataAccessLayerCore.csproj", "{480BFD23-E64A-4A0D-9C6E-21EEEE9D12C1}"
EndProject
Project("{FAE04EC0-301F-11D3-BF4B-00C04F79EFBC}") = "Data.Services.Interfaces", "Data.Services.Interfaces\Data.Services.Interfaces.csproj", "{65706513-97AC-4640-97B5-A3B5DC4194F1}"
EndProject
Project("{FAE04EC0-301F-11D3-BF4B-00C04F79EFBC}") = "ServicesLayer", "ServicesLayer\ServicesLayer.csproj", "{34CD78F7-DB16-4709-AB4D-F5A22113845A}"
EndProject
Project("{FAE04EC0-301F-11D3-BF4B-00C04F79EFBC}") = "ServicesLayer.Tests", "ServicesLayer.Tests\ServicesLayer.Tests.csproj", "{253CCE82-F4CD-4EEA-A34A-2DE66038DB27}"
EndProject
Global
	GlobalSection(SolutionConfigurationPlatforms) = preSolution
		Debug|Any CPU = Debug|Any CPU
		Release|Any CPU = Release|Any CPU
	EndGlobalSection
	GlobalSection(ProjectConfigurationPlatforms) = postSolution
		{C6EA7504-9F95-422F-BE39-EB49E2176393}.Debug|Any CPU.ActiveCfg = Debug|Any CPU
		{C6EA7504-9F95-422F-BE39-EB49E2176393}.Debug|Any CPU.Build.0 = Debug|Any CPU
		{C6EA7504-9F95-422F-BE39-EB49E2176393}.Release|Any CPU.ActiveCfg = Release|Any CPU
		{C6EA7504-9F95-422F-BE39-EB49E2176393}.Release|Any CPU.Build.0 = Release|Any CPU
		{2265A876-05E6-9527-8C30-524FD66D2439}.Debug|Any CPU.ActiveCfg = Debug|Any CPU
		{2265A876-05E6-9527-8C30-524FD66D2439}.Debug|Any CPU.Build.0 = Debug|Any CPU
		{2265A876-05E6-9527-8C30-524FD66D2439}.Release|Any CPU.ActiveCfg = Release|Any CPU
		{2265A876-05E6-9527-8C30-524FD66D2439}.Release|Any CPU.Build.0 = Release|Any CPU
		{480BFD23-E64A-4A0D-9C6E-21EEEE9D12C1}.Debug|Any CPU.ActiveCfg = Debug|Any CPU
		{480BFD23-E64A-4A0D-9C6E-21EEEE9D12C1}.Debug|Any CPU.Build.0 = Debug|Any CPU
		{480BFD23-E64A-4A0D-9C6E-21EEEE9D12C1}.Release|Any CPU.ActiveCfg = Release|Any CPU
		{480BFD23-E64A-4A0D-9C6E-21EEEE9D12C1}.Release|Any CPU.Build.0 = Release|Any CPU
		{65706513-97AC-4640-97B5-A3B5DC4194F1}.Debug|Any CPU.ActiveCfg = Debug|Any CPU
		{65706513-97AC-4640-97B5-A3B5DC4194F1}.Debug|Any CPU.Build.0 = Debug|Any CPU
		{65706513-97AC-4640-97B5-A3B5DC4194F1}.Release|Any CPU.ActiveCfg = Release|Any CPU
		{65706513-97AC-4640-97B5-A3B5DC4194F1}.Release|Any CPU.Build.0 = Release|Any CPU
		{34CD78F7-DB16-4709-AB4D-F5A22113845A}.Debug|Any CPU.ActiveCfg = Debug|Any CPU
		{34CD78F7-DB16-4709-AB4D-F5A22113845A}.Debug|Any CPU.Build.0 = Debug|Any CPU
		{34CD78F7-DB16-4709-AB4D-F5A22113845A}.Release|Any CPU.ActiveCfg = Release|Any CPU
		{34CD78F7-DB16-4709-AB4D-F5A22113845A}.Release|Any CPU.Build.0 = Release|Any CPU
		{253CCE82-F4CD-4EEA-A34A-2DE66038DB27}.Debug|Any CPU.ActiveCfg = Debug|Any CPU
		{253CCE82-F4CD-4EEA-A34A-2DE66038DB27}.Debug|Any CPU.Build.0 = Debug|Any CPU
		{253CCE82-F4CD-4EEA-A34A-2DE66038DB27}.Release|Any CPU.ActiveCfg = Release|Any CPU
		{253CCE82-F4CD-4EEA-A34A-2DE66038DB27}.Release|Any CPU.Build.0 = Release|Any CPU
	EndGlobalSection
	GlobalSection(SolutionProperties) = preSolution
		HideSolutionNode = FALSE
	EndGlobalSection
	GlobalSection(ExtensibilityGlobals) = postSolution
		SolutionGuid = {14838AB1-187B-4181-92E3-7D40F43335FA}
	EndGlobalSection
EndGlobal
