
Microsoft Visual Studio Solution File, Format Version 12.00
# Visual Studio 15
VisualStudioVersion = 15.0.34829.251
MinimumVisualStudioVersion = 10.0.40219.1
Project("{FAE04EC0-301F-11D3-BF4B-00C04F79EFBC}") = "WebAppApi48", "WebAppApi48\WebAppApi48.csproj", "{066CEE27-AB42-4B7E-9203-F4B9220B4A86}"
EndProject
Project("{9A19103F-16F7-4668-BE54-9A1E7A4F7556}") = "DataAccessLayer", "DataAccessLayer\DataAccessLayer.csproj", "{C6EA7504-9F95-422F-BE39-EB49E2176393}"
EndProject
Global
	GlobalSection(SolutionConfigurationPlatforms) = preSolution
		Debug|Any CPU = Debug|Any CPU
		Release|Any CPU = Release|Any CPU
	EndGlobalSection
	GlobalSection(ProjectConfigurationPlatforms) = postSolution
		{066CEE27-AB42-4B7E-9203-F4B9220B4A86}.Debug|Any CPU.ActiveCfg = Debug|Any CPU
		{066CEE27-AB42-4B7E-9203-F4B9220B4A86}.Debug|Any CPU.Build.0 = Debug|Any CPU
		{066CEE27-AB42-4B7E-9203-F4B9220B4A86}.Release|Any CPU.ActiveCfg = Release|Any CPU
		{066CEE27-AB42-4B7E-9203-F4B9220B4A86}.Release|Any CPU.Build.0 = Release|Any CPU
		{C6EA7504-9F95-422F-BE39-EB49E2176393}.Debug|Any CPU.ActiveCfg = Debug|Any CPU
		{C6EA7504-9F95-422F-BE39-EB49E2176393}.Debug|Any CPU.Build.0 = Debug|Any CPU
		{C6EA7504-9F95-422F-BE39-EB49E2176393}.Release|Any CPU.ActiveCfg = Release|Any CPU
		{C6EA7504-9F95-422F-BE39-EB49E2176393}.Release|Any CPU.Build.0 = Release|Any CPU
	EndGlobalSection
	GlobalSection(SolutionProperties) = preSolution
		HideSolutionNode = FALSE
	EndGlobalSection
	GlobalSection(ExtensibilityGlobals) = postSolution
		SolutionGuid = {14838AB1-187B-4181-92E3-7D40F43335FA}
	EndGlobalSection
EndGlobal
